
Microsoft Visual Studio Solution File, Format Version 12.00
# Visual Studio Version 16
VisualStudioVersion = 16.0.30804.86
MinimumVisualStudioVersion = 10.0.40219.1
Project("{FAE04EC0-301F-11D3-BF4B-00C04F79EFBC}") = "Web", "Web\Web.csproj", "{F08ABA54-89A2-49A3-B945-F438F415CD48}"
EndProject
Project("{FAE04EC0-301F-11D3-BF4B-00C04F79EFBC}") = "Entities", "Entities\Entities.csproj", "{B20595A6-CEEC-46AB-B878-99FF394D3CE5}"
EndProject
Global
	GlobalSection(SolutionConfigurationPlatforms) = preSolution
		Debug|Any CPU = Debug|Any CPU
		Release|Any CPU = Release|Any CPU
	EndGlobalSection
	GlobalSection(ProjectConfigurationPlatforms) = postSolution
		{F08ABA54-89A2-49A3-B945-F438F415CD48}.Debug|Any CPU.ActiveCfg = Debug|Any CPU
		{F08ABA54-89A2-49A3-B945-F438F415CD48}.Debug|Any CPU.Build.0 = Debug|Any CPU
		{F08ABA54-89A2-49A3-B945-F438F415CD48}.Release|Any CPU.ActiveCfg = Release|Any CPU
		{F08ABA54-89A2-49A3-B945-F438F415CD48}.Release|Any CPU.Build.0 = Release|Any CPU
		{B20595A6-CEEC-46AB-B878-99FF394D3CE5}.Debug|Any CPU.ActiveCfg = Debug|Any CPU
		{B20595A6-CEEC-46AB-B878-99FF394D3CE5}.Debug|Any CPU.Build.0 = Debug|Any CPU
		{B20595A6-CEEC-46AB-B878-99FF394D3CE5}.Release|Any CPU.ActiveCfg = Release|Any CPU
		{B20595A6-CEEC-46AB-B878-99FF394D3CE5}.Release|Any CPU.Build.0 = Release|Any CPU
	EndGlobalSection
	GlobalSection(SolutionProperties) = preSolution
		HideSolutionNode = FALSE
	EndGlobalSection
	GlobalSection(ExtensibilityGlobals) = postSolution
		SolutionGuid = {ADE3BB23-C130-4DF9-8960-D460D08673F6}
	EndGlobalSection
EndGlobal
